
Microsoft Visual Studio Solution File, Format Version 12.00
# Visual Studio Version 17
VisualStudioVersion = 17.10.35122.118
MinimumVisualStudioVersion = 10.0.40219.1
Project("{9A19103F-16F7-4668-BE54-9A1E7A4F7556}") = "Ginsen.Net8.Async.Milestone.Api", "Ginsen.Net8.Async.Milestone.Api\Ginsen.Net8.Async.Milestone.Api.csproj", "{4ECD6C1D-2ADF-4B60-B601-76DBD58AF47A}"
EndProject
Project("{9A19103F-16F7-4668-BE54-9A1E7A4F7556}") = "Ginsen.Net8.Async.Milestone.Worker", "Ginsen.Net8.Async.Milestone.Worker\Ginsen.Net8.Async.Milestone.Worker.csproj", "{255C7B1F-D5E2-4F4E-87CA-DD5F3E5A9433}"
EndProject
Project("{E53339B2-1760-4266-BCC7-CA923CBCF16C}") = "docker-compose", "docker-compose.dcproj", "{70026D66-8091-4D20-A116-4CB3E6C0243D}"
EndProject
Project("{2150E333-8FDC-42A3-9474-1A3956D46DE8}") = "http", "http", "{F3B71EF2-8A1B-4FAE-832A-6768ABF58AD7}"
	ProjectSection(SolutionItems) = preProject
		http\Ginsen.Net8.Async.Milestone.Api.http = http\Ginsen.Net8.Async.Milestone.Api.http
	EndProjectSection
EndProject
Project("{FAE04EC0-301F-11D3-BF4B-00C04F79EFBC}") = "Ginsen.Net8.Async.Milestone.Infrastructure", "Ginsen.Net8.Async.Milestone.Infrastructure\Ginsen.Net8.Async.Milestone.Infrastructure.csproj", "{49123587-D192-4D62-9D16-FD6E5F20B9A9}"
EndProject
Project("{FAE04EC0-301F-11D3-BF4B-00C04F79EFBC}") = "Ginsen.Net8.Async.Milestone.Contracts.Http", "Ginsen.Net8.Async.Milestone.Contracts.Http\Ginsen.Net8.Async.Milestone.Contracts.Http.csproj", "{02870161-EA92-4406-AB89-D19277E4E5AE}"
EndProject
Project("{FAE04EC0-301F-11D3-BF4B-00C04F79EFBC}") = "Ginsen.Net8.Async.Milestone.Contracts.Messaging", "Ginsen.Net8.Async.Milestone.Contracts.Messaging\Ginsen.Net8.Async.Milestone.Contracts.Messaging.csproj", "{11C32B1E-C25C-4962-96D9-DA275AA53ABD}"
EndProject
Global
	GlobalSection(SolutionConfigurationPlatforms) = preSolution
		Debug|Any CPU = Debug|Any CPU
		Debug|x64 = Debug|x64
		Release|Any CPU = Release|Any CPU
		Release|x64 = Release|x64
	EndGlobalSection
	GlobalSection(ProjectConfigurationPlatforms) = postSolution
		{4ECD6C1D-2ADF-4B60-B601-76DBD58AF47A}.Debug|Any CPU.ActiveCfg = Debug|Any CPU
		{4ECD6C1D-2ADF-4B60-B601-76DBD58AF47A}.Debug|Any CPU.Build.0 = Debug|Any CPU
		{4ECD6C1D-2ADF-4B60-B601-76DBD58AF47A}.Debug|x64.ActiveCfg = Debug|x64
		{4ECD6C1D-2ADF-4B60-B601-76DBD58AF47A}.Debug|x64.Build.0 = Debug|x64
		{4ECD6C1D-2ADF-4B60-B601-76DBD58AF47A}.Release|Any CPU.ActiveCfg = Release|Any CPU
		{4ECD6C1D-2ADF-4B60-B601-76DBD58AF47A}.Release|Any CPU.Build.0 = Release|Any CPU
		{4ECD6C1D-2ADF-4B60-B601-76DBD58AF47A}.Release|x64.ActiveCfg = Release|x64
		{4ECD6C1D-2ADF-4B60-B601-76DBD58AF47A}.Release|x64.Build.0 = Release|x64
		{255C7B1F-D5E2-4F4E-87CA-DD5F3E5A9433}.Debug|Any CPU.ActiveCfg = Debug|Any CPU
		{255C7B1F-D5E2-4F4E-87CA-DD5F3E5A9433}.Debug|Any CPU.Build.0 = Debug|Any CPU
		{255C7B1F-D5E2-4F4E-87CA-DD5F3E5A9433}.Debug|x64.ActiveCfg = Debug|x64
		{255C7B1F-D5E2-4F4E-87CA-DD5F3E5A9433}.Debug|x64.Build.0 = Debug|x64
		{255C7B1F-D5E2-4F4E-87CA-DD5F3E5A9433}.Release|Any CPU.ActiveCfg = Release|Any CPU
		{255C7B1F-D5E2-4F4E-87CA-DD5F3E5A9433}.Release|Any CPU.Build.0 = Release|Any CPU
		{255C7B1F-D5E2-4F4E-87CA-DD5F3E5A9433}.Release|x64.ActiveCfg = Release|x64
		{255C7B1F-D5E2-4F4E-87CA-DD5F3E5A9433}.Release|x64.Build.0 = Release|x64
		{70026D66-8091-4D20-A116-4CB3E6C0243D}.Debug|Any CPU.ActiveCfg = Debug|Any CPU
		{70026D66-8091-4D20-A116-4CB3E6C0243D}.Debug|Any CPU.Build.0 = Debug|Any CPU
		{70026D66-8091-4D20-A116-4CB3E6C0243D}.Debug|x64.ActiveCfg = Debug|x64
		{70026D66-8091-4D20-A116-4CB3E6C0243D}.Debug|x64.Build.0 = Debug|x64
		{70026D66-8091-4D20-A116-4CB3E6C0243D}.Release|Any CPU.ActiveCfg = Release|Any CPU
		{70026D66-8091-4D20-A116-4CB3E6C0243D}.Release|Any CPU.Build.0 = Release|Any CPU
		{70026D66-8091-4D20-A116-4CB3E6C0243D}.Release|x64.ActiveCfg = Release|Any CPU
		{70026D66-8091-4D20-A116-4CB3E6C0243D}.Release|x64.Build.0 = Release|Any CPU
		{49123587-D192-4D62-9D16-FD6E5F20B9A9}.Debug|Any CPU.ActiveCfg = Debug|Any CPU
		{49123587-D192-4D62-9D16-FD6E5F20B9A9}.Debug|Any CPU.Build.0 = Debug|Any CPU
		{49123587-D192-4D62-9D16-FD6E5F20B9A9}.Debug|x64.ActiveCfg = Debug|Any CPU
		{49123587-D192-4D62-9D16-FD6E5F20B9A9}.Debug|x64.Build.0 = Debug|Any CPU
		{49123587-D192-4D62-9D16-FD6E5F20B9A9}.Release|Any CPU.ActiveCfg = Release|Any CPU
		{49123587-D192-4D62-9D16-FD6E5F20B9A9}.Release|Any CPU.Build.0 = Release|Any CPU
		{49123587-D192-4D62-9D16-FD6E5F20B9A9}.Release|x64.ActiveCfg = Release|Any CPU
		{49123587-D192-4D62-9D16-FD6E5F20B9A9}.Release|x64.Build.0 = Release|Any CPU
		{02870161-EA92-4406-AB89-D19277E4E5AE}.Debug|Any CPU.ActiveCfg = Debug|Any CPU
		{02870161-EA92-4406-AB89-D19277E4E5AE}.Debug|Any CPU.Build.0 = Debug|Any CPU
		{02870161-EA92-4406-AB89-D19277E4E5AE}.Debug|x64.ActiveCfg = Debug|Any CPU
		{02870161-EA92-4406-AB89-D19277E4E5AE}.Debug|x64.Build.0 = Debug|Any CPU
		{02870161-EA92-4406-AB89-D19277E4E5AE}.Release|Any CPU.ActiveCfg = Release|Any CPU
		{02870161-EA92-4406-AB89-D19277E4E5AE}.Release|Any CPU.Build.0 = Release|Any CPU
		{02870161-EA92-4406-AB89-D19277E4E5AE}.Release|x64.ActiveCfg = Release|Any CPU
		{02870161-EA92-4406-AB89-D19277E4E5AE}.Release|x64.Build.0 = Release|Any CPU
		{11C32B1E-C25C-4962-96D9-DA275AA53ABD}.Debug|Any CPU.ActiveCfg = Debug|Any CPU
		{11C32B1E-C25C-4962-96D9-DA275AA53ABD}.Debug|Any CPU.Build.0 = Debug|Any CPU
		{11C32B1E-C25C-4962-96D9-DA275AA53ABD}.Debug|x64.ActiveCfg = Debug|Any CPU
		{11C32B1E-C25C-4962-96D9-DA275AA53ABD}.Debug|x64.Build.0 = Debug|Any CPU
		{11C32B1E-C25C-4962-96D9-DA275AA53ABD}.Release|Any CPU.ActiveCfg = Release|Any CPU
		{11C32B1E-C25C-4962-96D9-DA275AA53ABD}.Release|Any CPU.Build.0 = Release|Any CPU
		{11C32B1E-C25C-4962-96D9-DA275AA53ABD}.Release|x64.ActiveCfg = Release|Any CPU
		{11C32B1E-C25C-4962-96D9-DA275AA53ABD}.Release|x64.Build.0 = Release|Any CPU
	EndGlobalSection
	GlobalSection(SolutionProperties) = preSolution
		HideSolutionNode = FALSE
	EndGlobalSection
	GlobalSection(ExtensibilityGlobals) = postSolution
		SolutionGuid = {932D4B0D-C202-402E-AFA2-E45E287A3272}
	EndGlobalSection
EndGlobal
